
Microsoft Visual Studio Solution File, Format Version 12.00
# Visual Studio Version 16
VisualStudioVersion = 16.0.31019.35
MinimumVisualStudioVersion = 10.0.40219.1
Project("{FAE04EC0-301F-11D3-BF4B-00C04F79EFBC}") = "HowDoICodeV3", "HowDoICodeV3\HowDoICodeV3.csproj", "{801714C7-2F31-4626-8C7E-3938B9AFFC8D}"
EndProject
Global
	GlobalSection(SolutionConfigurationPlatforms) = preSolution
		Debug|Any CPU = Debug|Any CPU
		Release|Any CPU = Release|Any CPU
	EndGlobalSection
	GlobalSection(ProjectConfigurationPlatforms) = postSolution
		{801714C7-2F31-4626-8C7E-3938B9AFFC8D}.Debug|Any CPU.ActiveCfg = Debug|Any CPU
		{801714C7-2F31-4626-8C7E-3938B9AFFC8D}.Debug|Any CPU.Build.0 = Debug|Any CPU
		{801714C7-2F31-4626-8C7E-3938B9AFFC8D}.Release|Any CPU.ActiveCfg = Release|Any CPU
		{801714C7-2F31-4626-8C7E-3938B9AFFC8D}.Release|Any CPU.Build.0 = Release|Any CPU
	EndGlobalSection
	GlobalSection(SolutionProperties) = preSolution
		HideSolutionNode = FALSE
	EndGlobalSection
	GlobalSection(ExtensibilityGlobals) = postSolution
		SolutionGuid = {87A1F46C-14C2-4E79-9101-9918B3047989}
	EndGlobalSection
EndGlobal
